// !$*UTF8*$!
{
	archiveVersion = 1;
	classes = {
	};
	objectVersion = 46;
	objects = {

/* Begin PBXBuildFile section */
		EB2992921F3640AB00B88C22 /* Assets.xcassets in Resources */ = {isa = PBXBuildFile; fileRef = EB2992911F3640AB00B88C22 /* Assets.xcassets */; };
		EB2992A01F3640AB00B88C22 /* TatoebaTests.swift in Sources */ = {isa = PBXBuildFile; fileRef = EB29929F1F3640AB00B88C22 /* TatoebaTests.swift */; };
		EB2992AB1F3640AB00B88C22 /* TatoebaUITests.swift in Sources */ = {isa = PBXBuildFile; fileRef = EB2992AA1F3640AB00B88C22 /* TatoebaUITests.swift */; };
		EB462D0C1F36DF3F00CFE427 /* Alamofire.framework in Frameworks */ = {isa = PBXBuildFile; fileRef = EB462D0B1F36DF3F00CFE427 /* Alamofire.framework */; };
		EB462D0E1F36DF4900CFE427 /* SwiftyJSON.framework in Frameworks */ = {isa = PBXBuildFile; fileRef = EB462D0D1F36DF4900CFE427 /* SwiftyJSON.framework */; };
		EB462D171F36E98B00CFE427 /* User.swift in Sources */ = {isa = PBXBuildFile; fileRef = EB462D161F36E98B00CFE427 /* User.swift */; };
		EB462D371F37860900CFE427 /* Date+Extensions.swift in Sources */ = {isa = PBXBuildFile; fileRef = EB462D351F37860900CFE427 /* Date+Extensions.swift */; };
		EB462D381F37860900CFE427 /* String+Extensions.swift in Sources */ = {isa = PBXBuildFile; fileRef = EB462D361F37860900CFE427 /* String+Extensions.swift */; };
		EB462D3D1F37861000CFE427 /* ContributionsRequest.swift in Sources */ = {isa = PBXBuildFile; fileRef = EB462D391F37861000CFE427 /* ContributionsRequest.swift */; };
		EB462D3E1F37861000CFE427 /* ImageRequest.swift in Sources */ = {isa = PBXBuildFile; fileRef = EB462D3A1F37861000CFE427 /* ImageRequest.swift */; };
		EB462D3F1F37861000CFE427 /* ProfileImageRequest.swift in Sources */ = {isa = PBXBuildFile; fileRef = EB462D3B1F37861000CFE427 /* ProfileImageRequest.swift */; };
		EB462D401F37861000CFE427 /* TatoebaRequest.swift in Sources */ = {isa = PBXBuildFile; fileRef = EB462D3C1F37861000CFE427 /* TatoebaRequest.swift */; };
		EB462D421F378B3100CFE427 /* SettingsViewController.swift in Sources */ = {isa = PBXBuildFile; fileRef = EB462D411F378B3100CFE427 /* SettingsViewController.swift */; };
		EB462D441F378D6A00CFE427 /* SettingCell.swift in Sources */ = {isa = PBXBuildFile; fileRef = EB462D431F378D6A00CFE427 /* SettingCell.swift */; };
		EB462D461F379B4400CFE427 /* UIColor+Extensions.swift in Sources */ = {isa = PBXBuildFile; fileRef = EB462D451F379B4400CFE427 /* UIColor+Extensions.swift */; };
		EBB5E9BC1F37A89100D03E55 /* ImageManager.swift in Sources */ = {isa = PBXBuildFile; fileRef = EBB5E9BB1F37A89100D03E55 /* ImageManager.swift */; };
		EBDB5C531F3681D900BAAEF1 /* AppDelegate.swift in Sources */ = {isa = PBXBuildFile; fileRef = EBDB5C521F3681D900BAAEF1 /* AppDelegate.swift */; };
		EBDB5C581F36823C00BAAEF1 /* HomeViewController.swift in Sources */ = {isa = PBXBuildFile; fileRef = EBDB5C571F36823C00BAAEF1 /* HomeViewController.swift */; };
		EBDB5C5D1F36825C00BAAEF1 /* LaunchScreen.storyboard in Resources */ = {isa = PBXBuildFile; fileRef = EBDB5C5A1F36825C00BAAEF1 /* LaunchScreen.storyboard */; };
		EBDB5C5E1F36825C00BAAEF1 /* Main.storyboard in Resources */ = {isa = PBXBuildFile; fileRef = EBDB5C5B1F36825C00BAAEF1 /* Main.storyboard */; };
		EBDB5C651F36903400BAAEF1 /* ContributionCell.swift in Sources */ = {isa = PBXBuildFile; fileRef = EBDB5C631F36903400BAAEF1 /* ContributionCell.swift */; };
		EBDB5C661F36903400BAAEF1 /* SeparatorCell.swift in Sources */ = {isa = PBXBuildFile; fileRef = EBDB5C641F36903400BAAEF1 /* SeparatorCell.swift */; };
		EBDB5C6B1F3692D800BAAEF1 /* Contribution.swift in Sources */ = {isa = PBXBuildFile; fileRef = EBDB5C6A1F3692D800BAAEF1 /* Contribution.swift */; };
/* End PBXBuildFile section */

/* Begin PBXContainerItemProxy section */
		EB29929C1F3640AB00B88C22 /* PBXContainerItemProxy */ = {
			isa = PBXContainerItemProxy;
			containerPortal = EB29927F1F3640AB00B88C22 /* Project object */;
			proxyType = 1;
			remoteGlobalIDString = EB2992861F3640AB00B88C22;
			remoteInfo = Tatoeba;
		};
		EB2992A71F3640AB00B88C22 /* PBXContainerItemProxy */ = {
			isa = PBXContainerItemProxy;
			containerPortal = EB29927F1F3640AB00B88C22 /* Project object */;
			proxyType = 1;
			remoteGlobalIDString = EB2992861F3640AB00B88C22;
			remoteInfo = Tatoeba;
		};
/* End PBXContainerItemProxy section */

/* Begin PBXFileReference section */
		EB2992871F3640AB00B88C22 /* Tatoeba.app */ = {isa = PBXFileReference; explicitFileType = wrapper.application; includeInIndex = 0; path = Tatoeba.app; sourceTree = BUILT_PRODUCTS_DIR; };
		EB2992911F3640AB00B88C22 /* Assets.xcassets */ = {isa = PBXFileReference; lastKnownFileType = folder.assetcatalog; path = Assets.xcassets; sourceTree = "<group>"; };
		EB29929B1F3640AB00B88C22 /* TatoebaTests.xctest */ = {isa = PBXFileReference; explicitFileType = wrapper.cfbundle; includeInIndex = 0; path = TatoebaTests.xctest; sourceTree = BUILT_PRODUCTS_DIR; };
		EB29929F1F3640AB00B88C22 /* TatoebaTests.swift */ = {isa = PBXFileReference; lastKnownFileType = sourcecode.swift; path = TatoebaTests.swift; sourceTree = "<group>"; };
		EB2992A11F3640AB00B88C22 /* Info.plist */ = {isa = PBXFileReference; lastKnownFileType = text.plist.xml; path = Info.plist; sourceTree = "<group>"; };
		EB2992A61F3640AB00B88C22 /* TatoebaUITests.xctest */ = {isa = PBXFileReference; explicitFileType = wrapper.cfbundle; includeInIndex = 0; path = TatoebaUITests.xctest; sourceTree = BUILT_PRODUCTS_DIR; };
		EB2992AA1F3640AB00B88C22 /* TatoebaUITests.swift */ = {isa = PBXFileReference; lastKnownFileType = sourcecode.swift; path = TatoebaUITests.swift; sourceTree = "<group>"; };
		EB2992AC1F3640AB00B88C22 /* Info.plist */ = {isa = PBXFileReference; lastKnownFileType = text.plist.xml; path = Info.plist; sourceTree = "<group>"; };
		EB462D0B1F36DF3F00CFE427 /* Alamofire.framework */ = {isa = PBXFileReference; lastKnownFileType = wrapper.framework; name = Alamofire.framework; path = Carthage/Build/iOS/Alamofire.framework; sourceTree = "<group>"; };
		EB462D0D1F36DF4900CFE427 /* SwiftyJSON.framework */ = {isa = PBXFileReference; lastKnownFileType = wrapper.framework; name = SwiftyJSON.framework; path = Carthage/Build/iOS/SwiftyJSON.framework; sourceTree = "<group>"; };
		EB462D161F36E98B00CFE427 /* User.swift */ = {isa = PBXFileReference; fileEncoding = 4; lastKnownFileType = sourcecode.swift; name = User.swift; path = Models/User.swift; sourceTree = "<group>"; };
		EB462D351F37860900CFE427 /* Date+Extensions.swift */ = {isa = PBXFileReference; fileEncoding = 4; lastKnownFileType = sourcecode.swift; name = "Date+Extensions.swift"; path = "Common/Extensions/Date+Extensions.swift"; sourceTree = "<group>"; };
		EB462D361F37860900CFE427 /* String+Extensions.swift */ = {isa = PBXFileReference; fileEncoding = 4; lastKnownFileType = sourcecode.swift; name = "String+Extensions.swift"; path = "Common/Extensions/String+Extensions.swift"; sourceTree = "<group>"; };
		EB462D391F37861000CFE427 /* ContributionsRequest.swift */ = {isa = PBXFileReference; fileEncoding = 4; lastKnownFileType = sourcecode.swift; name = ContributionsRequest.swift; path = Common/Networking/ContributionsRequest.swift; sourceTree = "<group>"; };
		EB462D3A1F37861000CFE427 /* ImageRequest.swift */ = {isa = PBXFileReference; fileEncoding = 4; lastKnownFileType = sourcecode.swift; name = ImageRequest.swift; path = Common/Networking/ImageRequest.swift; sourceTree = "<group>"; };
		EB462D3B1F37861000CFE427 /* ProfileImageRequest.swift */ = {isa = PBXFileReference; fileEncoding = 4; lastKnownFileType = sourcecode.swift; name = ProfileImageRequest.swift; path = Common/Networking/ProfileImageRequest.swift; sourceTree = "<group>"; };
		EB462D3C1F37861000CFE427 /* TatoebaRequest.swift */ = {isa = PBXFileReference; fileEncoding = 4; lastKnownFileType = sourcecode.swift; name = TatoebaRequest.swift; path = Common/Networking/TatoebaRequest.swift; sourceTree = "<group>"; };
		EB462D411F378B3100CFE427 /* SettingsViewController.swift */ = {isa = PBXFileReference; fileEncoding = 4; lastKnownFileType = sourcecode.swift; name = SettingsViewController.swift; path = "View Controllers/SettingsViewController.swift"; sourceTree = "<group>"; };
		EB462D431F378D6A00CFE427 /* SettingCell.swift */ = {isa = PBXFileReference; fileEncoding = 4; lastKnownFileType = sourcecode.swift; path = SettingCell.swift; sourceTree = "<group>"; };
		EB462D451F379B4400CFE427 /* UIColor+Extensions.swift */ = {isa = PBXFileReference; fileEncoding = 4; lastKnownFileType = sourcecode.swift; name = "UIColor+Extensions.swift"; path = "Common/Extensions/UIColor+Extensions.swift"; sourceTree = "<group>"; };
		EBB5E9BB1F37A89100D03E55 /* ImageManager.swift */ = {isa = PBXFileReference; fileEncoding = 4; lastKnownFileType = sourcecode.swift; name = ImageManager.swift; path = Common/Managers/ImageManager.swift; sourceTree = "<group>"; };
		EBDB5C521F3681D900BAAEF1 /* AppDelegate.swift */ = {isa = PBXFileReference; fileEncoding = 4; lastKnownFileType = sourcecode.swift; name = AppDelegate.swift; path = Application/AppDelegate.swift; sourceTree = "<group>"; };
		EBDB5C571F36823C00BAAEF1 /* HomeViewController.swift */ = {isa = PBXFileReference; fileEncoding = 4; lastKnownFileType = sourcecode.swift; name = HomeViewController.swift; path = "View Controllers/HomeViewController.swift"; sourceTree = "<group>"; };
		EBDB5C591F36825C00BAAEF1 /* Info.plist */ = {isa = PBXFileReference; fileEncoding = 4; lastKnownFileType = text.plist.xml; name = Info.plist; path = Application/Info.plist; sourceTree = "<group>"; };
		EBDB5C5A1F36825C00BAAEF1 /* LaunchScreen.storyboard */ = {isa = PBXFileReference; fileEncoding = 4; lastKnownFileType = file.storyboard; name = LaunchScreen.storyboard; path = Application/LaunchScreen.storyboard; sourceTree = "<group>"; };
		EBDB5C5B1F36825C00BAAEF1 /* Main.storyboard */ = {isa = PBXFileReference; fileEncoding = 4; lastKnownFileType = file.storyboard; name = Main.storyboard; path = Application/Main.storyboard; sourceTree = "<group>"; };
		EBDB5C631F36903400BAAEF1 /* ContributionCell.swift */ = {isa = PBXFileReference; fileEncoding = 4; lastKnownFileType = sourcecode.swift; name = ContributionCell.swift; path = Views/ContributionCell.swift; sourceTree = "<group>"; };
		EBDB5C641F36903400BAAEF1 /* SeparatorCell.swift */ = {isa = PBXFileReference; fileEncoding = 4; lastKnownFileType = sourcecode.swift; name = SeparatorCell.swift; path = Views/SeparatorCell.swift; sourceTree = "<group>"; };
		EBDB5C6A1F3692D800BAAEF1 /* Contribution.swift */ = {isa = PBXFileReference; fileEncoding = 4; lastKnownFileType = sourcecode.swift; name = Contribution.swift; path = Models/Contribution.swift; sourceTree = "<group>"; };
/* End PBXFileReference section */

/* Begin PBXFrameworksBuildPhase section */
		EB2992841F3640AB00B88C22 /* Frameworks */ = {
			isa = PBXFrameworksBuildPhase;
			buildActionMask = 2147483647;
			files = (
				EB462D0E1F36DF4900CFE427 /* SwiftyJSON.framework in Frameworks */,
				EB462D0C1F36DF3F00CFE427 /* Alamofire.framework in Frameworks */,
			);
			runOnlyForDeploymentPostprocessing = 0;
		};
		EB2992981F3640AB00B88C22 /* Frameworks */ = {
			isa = PBXFrameworksBuildPhase;
			buildActionMask = 2147483647;
			files = (
			);
			runOnlyForDeploymentPostprocessing = 0;
		};
		EB2992A31F3640AB00B88C22 /* Frameworks */ = {
			isa = PBXFrameworksBuildPhase;
			buildActionMask = 2147483647;
			files = (
			);
			runOnlyForDeploymentPostprocessing = 0;
		};
/* End PBXFrameworksBuildPhase section */

/* Begin PBXGroup section */
		EB29927E1F3640AB00B88C22 = {
			isa = PBXGroup;
			children = (
				EB2992891F3640AB00B88C22 /* Tatoeba */,
				EB29929E1F3640AB00B88C22 /* TatoebaTests */,
				EB2992A91F3640AB00B88C22 /* TatoebaUITests */,
				EB2992881F3640AB00B88C22 /* Products */,
				EB462D0A1F36DF3F00CFE427 /* Frameworks */,
			);
			sourceTree = "<group>";
		};
		EB2992881F3640AB00B88C22 /* Products */ = {
			isa = PBXGroup;
			children = (
				EB2992871F3640AB00B88C22 /* Tatoeba.app */,
				EB29929B1F3640AB00B88C22 /* TatoebaTests.xctest */,
				EB2992A61F3640AB00B88C22 /* TatoebaUITests.xctest */,
			);
			name = Products;
			sourceTree = "<group>";
		};
		EB2992891F3640AB00B88C22 /* Tatoeba */ = {
			isa = PBXGroup;
			children = (
				EB462D111F36E06000CFE427 /* Common */,
				EBDB5C691F3692D100BAAEF1 /* Models */,
				EBDB5C541F36820C00BAAEF1 /* View Controllers */,
				EBDB5C601F36900000BAAEF1 /* Views */,
				EBDB5C511F3681C800BAAEF1 /* Application */,
				EB2992911F3640AB00B88C22 /* Assets.xcassets */,
			);
			path = Tatoeba;
			sourceTree = "<group>";
		};
		EB29929E1F3640AB00B88C22 /* TatoebaTests */ = {
			isa = PBXGroup;
			children = (
				EB29929F1F3640AB00B88C22 /* TatoebaTests.swift */,
				EB2992A11F3640AB00B88C22 /* Info.plist */,
			);
			path = TatoebaTests;
			sourceTree = "<group>";
		};
		EB2992A91F3640AB00B88C22 /* TatoebaUITests */ = {
			isa = PBXGroup;
			children = (
				EB2992AA1F3640AB00B88C22 /* TatoebaUITests.swift */,
				EB2992AC1F3640AB00B88C22 /* Info.plist */,
			);
			path = TatoebaUITests;
			sourceTree = "<group>";
		};
		EB462D0A1F36DF3F00CFE427 /* Frameworks */ = {
			isa = PBXGroup;
			children = (
				EB462D0D1F36DF4900CFE427 /* SwiftyJSON.framework */,
				EB462D0B1F36DF3F00CFE427 /* Alamofire.framework */,
			);
			name = Frameworks;
			sourceTree = "<group>";
		};
		EB462D111F36E06000CFE427 /* Common */ = {
			isa = PBXGroup;
			children = (
				EB462D341F3785FD00CFE427 /* Extensions */,
				EBB5E9BA1F37A88000D03E55 /* Managers */,
				EB462D331F3785F900CFE427 /* Networking */,
			);
			name = Common;
			sourceTree = "<group>";
		};
		EB462D331F3785F900CFE427 /* Networking */ = {
			isa = PBXGroup;
			children = (
				EB462D3C1F37861000CFE427 /* TatoebaRequest.swift */,
				EB462D391F37861000CFE427 /* ContributionsRequest.swift */,
				EB462D3A1F37861000CFE427 /* ImageRequest.swift */,
				EB462D3B1F37861000CFE427 /* ProfileImageRequest.swift */,
			);
			name = Networking;
			sourceTree = "<group>";
		};
		EB462D341F3785FD00CFE427 /* Extensions */ = {
			isa = PBXGroup;
			children = (
				EB462D351F37860900CFE427 /* Date+Extensions.swift */,
				EB462D361F37860900CFE427 /* String+Extensions.swift */,
				EB462D451F379B4400CFE427 /* UIColor+Extensions.swift */,
			);
			name = Extensions;
			sourceTree = "<group>";
		};
		EBB5E9BA1F37A88000D03E55 /* Managers */ = {
			isa = PBXGroup;
			children = (
				EBB5E9BB1F37A89100D03E55 /* ImageManager.swift */,
			);
			name = Managers;
			sourceTree = "<group>";
		};
		EBDB5C511F3681C800BAAEF1 /* Application */ = {
			isa = PBXGroup;
			children = (
				EBDB5C521F3681D900BAAEF1 /* AppDelegate.swift */,
				EBDB5C591F36825C00BAAEF1 /* Info.plist */,
				EBDB5C5A1F36825C00BAAEF1 /* LaunchScreen.storyboard */,
				EBDB5C5B1F36825C00BAAEF1 /* Main.storyboard */,
			);
			name = Application;
			sourceTree = "<group>";
		};
		EBDB5C541F36820C00BAAEF1 /* View Controllers */ = {
			isa = PBXGroup;
			children = (
				EBDB5C571F36823C00BAAEF1 /* HomeViewController.swift */,
				EB462D411F378B3100CFE427 /* SettingsViewController.swift */,
			);
			name = "View Controllers";
			sourceTree = "<group>";
		};
		EBDB5C601F36900000BAAEF1 /* Views */ = {
			isa = PBXGroup;
			children = (
				EBDB5C631F36903400BAAEF1 /* ContributionCell.swift */,
				EBDB5C641F36903400BAAEF1 /* SeparatorCell.swift */,
				EB462D431F378D6A00CFE427 /* SettingCell.swift */,
			);
			name = Views;
			sourceTree = "<group>";
		};
		EBDB5C691F3692D100BAAEF1 /* Models */ = {
			isa = PBXGroup;
			children = (
				EBDB5C6A1F3692D800BAAEF1 /* Contribution.swift */,
				EB462D161F36E98B00CFE427 /* User.swift */,
			);
			name = Models;
			sourceTree = "<group>";
		};
/* End PBXGroup section */

/* Begin PBXNativeTarget section */
		EB2992861F3640AB00B88C22 /* Tatoeba */ = {
			isa = PBXNativeTarget;
			buildConfigurationList = EB2992AF1F3640AB00B88C22 /* Build configuration list for PBXNativeTarget "Tatoeba" */;
			buildPhases = (
				EB2992831F3640AB00B88C22 /* Sources */,
				EB2992841F3640AB00B88C22 /* Frameworks */,
				EB2992851F3640AB00B88C22 /* Resources */,
				EB462D091F36DC8F00CFE427 /* ShellScript */,
			);
			buildRules = (
			);
			dependencies = (
			);
			name = Tatoeba;
			productName = Tatoeba;
			productReference = EB2992871F3640AB00B88C22 /* Tatoeba.app */;
			productType = "com.apple.product-type.application";
		};
		EB29929A1F3640AB00B88C22 /* TatoebaTests */ = {
			isa = PBXNativeTarget;
			buildConfigurationList = EB2992B21F3640AB00B88C22 /* Build configuration list for PBXNativeTarget "TatoebaTests" */;
			buildPhases = (
				EB2992971F3640AB00B88C22 /* Sources */,
				EB2992981F3640AB00B88C22 /* Frameworks */,
				EB2992991F3640AB00B88C22 /* Resources */,
			);
			buildRules = (
			);
			dependencies = (
				EB29929D1F3640AB00B88C22 /* PBXTargetDependency */,
			);
			name = TatoebaTests;
			productName = TatoebaTests;
			productReference = EB29929B1F3640AB00B88C22 /* TatoebaTests.xctest */;
			productType = "com.apple.product-type.bundle.unit-test";
		};
		EB2992A51F3640AB00B88C22 /* TatoebaUITests */ = {
			isa = PBXNativeTarget;
			buildConfigurationList = EB2992B51F3640AB00B88C22 /* Build configuration list for PBXNativeTarget "TatoebaUITests" */;
			buildPhases = (
				EB2992A21F3640AB00B88C22 /* Sources */,
				EB2992A31F3640AB00B88C22 /* Frameworks */,
				EB2992A41F3640AB00B88C22 /* Resources */,
			);
			buildRules = (
			);
			dependencies = (
				EB2992A81F3640AB00B88C22 /* PBXTargetDependency */,
			);
			name = TatoebaUITests;
			productName = TatoebaUITests;
			productReference = EB2992A61F3640AB00B88C22 /* TatoebaUITests.xctest */;
			productType = "com.apple.product-type.bundle.ui-testing";
		};
/* End PBXNativeTarget section */

/* Begin PBXProject section */
		EB29927F1F3640AB00B88C22 /* Project object */ = {
			isa = PBXProject;
			attributes = {
				LastSwiftUpdateCheck = 0830;
				LastUpgradeCheck = 0830;
				ORGANIZATIONNAME = Tatoeba;
				TargetAttributes = {
					EB2992861F3640AB00B88C22 = {
						CreatedOnToolsVersion = 8.3.3;
						DevelopmentTeam = 59PUM5CV3T;
						ProvisioningStyle = Automatic;
					};
					EB29929A1F3640AB00B88C22 = {
						CreatedOnToolsVersion = 8.3.3;
						ProvisioningStyle = Automatic;
						TestTargetID = EB2992861F3640AB00B88C22;
					};
					EB2992A51F3640AB00B88C22 = {
						CreatedOnToolsVersion = 8.3.3;
						ProvisioningStyle = Automatic;
						TestTargetID = EB2992861F3640AB00B88C22;
					};
				};
			};
			buildConfigurationList = EB2992821F3640AB00B88C22 /* Build configuration list for PBXProject "Tatoeba" */;
			compatibilityVersion = "Xcode 3.2";
			developmentRegion = English;
			hasScannedForEncodings = 0;
			knownRegions = (
				en,
				Base,
			);
			mainGroup = EB29927E1F3640AB00B88C22;
			productRefGroup = EB2992881F3640AB00B88C22 /* Products */;
			projectDirPath = "";
			projectRoot = "";
			targets = (
				EB2992861F3640AB00B88C22 /* Tatoeba */,
				EB29929A1F3640AB00B88C22 /* TatoebaTests */,
				EB2992A51F3640AB00B88C22 /* TatoebaUITests */,
			);
		};
/* End PBXProject section */

/* Begin PBXResourcesBuildPhase section */
		EB2992851F3640AB00B88C22 /* Resources */ = {
			isa = PBXResourcesBuildPhase;
			buildActionMask = 2147483647;
			files = (
				EBDB5C5D1F36825C00BAAEF1 /* LaunchScreen.storyboard in Resources */,
				EB2992921F3640AB00B88C22 /* Assets.xcassets in Resources */,
				EBDB5C5E1F36825C00BAAEF1 /* Main.storyboard in Resources */,
			);
			runOnlyForDeploymentPostprocessing = 0;
		};
		EB2992991F3640AB00B88C22 /* Resources */ = {
			isa = PBXResourcesBuildPhase;
			buildActionMask = 2147483647;
			files = (
			);
			runOnlyForDeploymentPostprocessing = 0;
		};
		EB2992A41F3640AB00B88C22 /* Resources */ = {
			isa = PBXResourcesBuildPhase;
			buildActionMask = 2147483647;
			files = (
			);
			runOnlyForDeploymentPostprocessing = 0;
		};
/* End PBXResourcesBuildPhase section */

/* Begin PBXShellScriptBuildPhase section */
		EB462D091F36DC8F00CFE427 /* ShellScript */ = {
			isa = PBXShellScriptBuildPhase;
			buildActionMask = 2147483647;
			files = (
			);
			inputPaths = (
				"$(SRCROOT)/Carthage/Build/iOS/Alamofire.framework",
				"$(SRCROOT)/Carthage/Build/iOS/SwiftyJSON.framework",
			);
			outputPaths = (
				"$(BUILT_PRODUCTS_DIR)/$(FRAMEWORKS_FOLDER_PATH)/Alamofire.framework",
				"$(BUILT_PRODUCTS_DIR)/$(FRAMEWORKS_FOLDER_PATH)/SwiftyJSON.framework",
			);
			runOnlyForDeploymentPostprocessing = 0;
			shellPath = /bin/sh;
			shellScript = "/usr/local/bin/carthage copy-frameworks";
		};
/* End PBXShellScriptBuildPhase section */

/* Begin PBXSourcesBuildPhase section */
		EB2992831F3640AB00B88C22 /* Sources */ = {
			isa = PBXSourcesBuildPhase;
			buildActionMask = 2147483647;
			files = (
				EBDB5C651F36903400BAAEF1 /* ContributionCell.swift in Sources */,
				EB462D461F379B4400CFE427 /* UIColor+Extensions.swift in Sources */,
				EBDB5C531F3681D900BAAEF1 /* AppDelegate.swift in Sources */,
				EB462D371F37860900CFE427 /* Date+Extensions.swift in Sources */,
				EB462D3D1F37861000CFE427 /* ContributionsRequest.swift in Sources */,
				EB462D441F378D6A00CFE427 /* SettingCell.swift in Sources */,
				EB462D401F37861000CFE427 /* TatoebaRequest.swift in Sources */,
				EBDB5C581F36823C00BAAEF1 /* HomeViewController.swift in Sources */,
				EB462D381F37860900CFE427 /* String+Extensions.swift in Sources */,
				EBDB5C661F36903400BAAEF1 /* SeparatorCell.swift in Sources */,
				EBDB5C6B1F3692D800BAAEF1 /* Contribution.swift in Sources */,
				EBB5E9BC1F37A89100D03E55 /* ImageManager.swift in Sources */,
				EB462D3F1F37861000CFE427 /* ProfileImageRequest.swift in Sources */,
				EB462D421F378B3100CFE427 /* SettingsViewController.swift in Sources */,
				EB462D171F36E98B00CFE427 /* User.swift in Sources */,
				EB462D3E1F37861000CFE427 /* ImageRequest.swift in Sources */,
			);
			runOnlyForDeploymentPostprocessing = 0;
		};
		EB2992971F3640AB00B88C22 /* Sources */ = {
			isa = PBXSourcesBuildPhase;
			buildActionMask = 2147483647;
			files = (
				EB2992A01F3640AB00B88C22 /* TatoebaTests.swift in Sources */,
			);
			runOnlyForDeploymentPostprocessing = 0;
		};
		EB2992A21F3640AB00B88C22 /* Sources */ = {
			isa = PBXSourcesBuildPhase;
			buildActionMask = 2147483647;
			files = (
				EB2992AB1F3640AB00B88C22 /* TatoebaUITests.swift in Sources */,
			);
			runOnlyForDeploymentPostprocessing = 0;
		};
/* End PBXSourcesBuildPhase section */

/* Begin PBXTargetDependency section */
		EB29929D1F3640AB00B88C22 /* PBXTargetDependency */ = {
			isa = PBXTargetDependency;
			target = EB2992861F3640AB00B88C22 /* Tatoeba */;
			targetProxy = EB29929C1F3640AB00B88C22 /* PBXContainerItemProxy */;
		};
		EB2992A81F3640AB00B88C22 /* PBXTargetDependency */ = {
			isa = PBXTargetDependency;
			target = EB2992861F3640AB00B88C22 /* Tatoeba */;
			targetProxy = EB2992A71F3640AB00B88C22 /* PBXContainerItemProxy */;
		};
/* End PBXTargetDependency section */

/* Begin XCBuildConfiguration section */
		EB2992AD1F3640AB00B88C22 /* Debug */ = {
			isa = XCBuildConfiguration;
			buildSettings = {
				ALWAYS_SEARCH_USER_PATHS = NO;
				CLANG_ANALYZER_NONNULL = YES;
				CLANG_ANALYZER_NUMBER_OBJECT_CONVERSION = YES_AGGRESSIVE;
				CLANG_CXX_LANGUAGE_STANDARD = "gnu++0x";
				CLANG_CXX_LIBRARY = "libc++";
				CLANG_ENABLE_MODULES = YES;
				CLANG_ENABLE_OBJC_ARC = YES;
				CLANG_WARN_BOOL_CONVERSION = YES;
				CLANG_WARN_CONSTANT_CONVERSION = YES;
				CLANG_WARN_DIRECT_OBJC_ISA_USAGE = YES_ERROR;
				CLANG_WARN_DOCUMENTATION_COMMENTS = YES;
				CLANG_WARN_EMPTY_BODY = YES;
				CLANG_WARN_ENUM_CONVERSION = YES;
				CLANG_WARN_INFINITE_RECURSION = YES;
				CLANG_WARN_INT_CONVERSION = YES;
				CLANG_WARN_OBJC_ROOT_CLASS = YES_ERROR;
				CLANG_WARN_SUSPICIOUS_MOVE = YES;
				CLANG_WARN_UNREACHABLE_CODE = YES;
				CLANG_WARN__DUPLICATE_METHOD_MATCH = YES;
				"CODE_SIGN_IDENTITY[sdk=iphoneos*]" = "iPhone Developer";
				COPY_PHASE_STRIP = NO;
				DEBUG_INFORMATION_FORMAT = dwarf;
				ENABLE_STRICT_OBJC_MSGSEND = YES;
				ENABLE_TESTABILITY = YES;
				GCC_C_LANGUAGE_STANDARD = gnu99;
				GCC_DYNAMIC_NO_PIC = NO;
				GCC_NO_COMMON_BLOCKS = YES;
				GCC_OPTIMIZATION_LEVEL = 0;
				GCC_PREPROCESSOR_DEFINITIONS = (
					"DEBUG=1",
					"$(inherited)",
				);
				GCC_WARN_64_TO_32_BIT_CONVERSION = YES;
				GCC_WARN_ABOUT_RETURN_TYPE = YES_ERROR;
				GCC_WARN_UNDECLARED_SELECTOR = YES;
				GCC_WARN_UNINITIALIZED_AUTOS = YES_AGGRESSIVE;
				GCC_WARN_UNUSED_FUNCTION = YES;
				GCC_WARN_UNUSED_VARIABLE = YES;
				IPHONEOS_DEPLOYMENT_TARGET = 10.3;
				MTL_ENABLE_DEBUG_INFO = YES;
				ONLY_ACTIVE_ARCH = YES;
				SDKROOT = iphoneos;
				SWIFT_ACTIVE_COMPILATION_CONDITIONS = DEBUG;
				SWIFT_OPTIMIZATION_LEVEL = "-Onone";
				TARGETED_DEVICE_FAMILY = "1,2";
			};
			name = Debug;
		};
		EB2992AE1F3640AB00B88C22 /* Release */ = {
			isa = XCBuildConfiguration;
			buildSettings = {
				ALWAYS_SEARCH_USER_PATHS = NO;
				CLANG_ANALYZER_NONNULL = YES;
				CLANG_ANALYZER_NUMBER_OBJECT_CONVERSION = YES_AGGRESSIVE;
				CLANG_CXX_LANGUAGE_STANDARD = "gnu++0x";
				CLANG_CXX_LIBRARY = "libc++";
				CLANG_ENABLE_MODULES = YES;
				CLANG_ENABLE_OBJC_ARC = YES;
				CLANG_WARN_BOOL_CONVERSION = YES;
				CLANG_WARN_CONSTANT_CONVERSION = YES;
				CLANG_WARN_DIRECT_OBJC_ISA_USAGE = YES_ERROR;
				CLANG_WARN_DOCUMENTATION_COMMENTS = YES;
				CLANG_WARN_EMPTY_BODY = YES;
				CLANG_WARN_ENUM_CONVERSION = YES;
				CLANG_WARN_INFINITE_RECURSION = YES;
				CLANG_WARN_INT_CONVERSION = YES;
				CLANG_WARN_OBJC_ROOT_CLASS = YES_ERROR;
				CLANG_WARN_SUSPICIOUS_MOVE = YES;
				CLANG_WARN_UNREACHABLE_CODE = YES;
				CLANG_WARN__DUPLICATE_METHOD_MATCH = YES;
				"CODE_SIGN_IDENTITY[sdk=iphoneos*]" = "iPhone Developer";
				COPY_PHASE_STRIP = NO;
				DEBUG_INFORMATION_FORMAT = "dwarf-with-dsym";
				ENABLE_NS_ASSERTIONS = NO;
				ENABLE_STRICT_OBJC_MSGSEND = YES;
				GCC_C_LANGUAGE_STANDARD = gnu99;
				GCC_NO_COMMON_BLOCKS = YES;
				GCC_WARN_64_TO_32_BIT_CONVERSION = YES;
				GCC_WARN_ABOUT_RETURN_TYPE = YES_ERROR;
				GCC_WARN_UNDECLARED_SELECTOR = YES;
				GCC_WARN_UNINITIALIZED_AUTOS = YES_AGGRESSIVE;
				GCC_WARN_UNUSED_FUNCTION = YES;
				GCC_WARN_UNUSED_VARIABLE = YES;
				IPHONEOS_DEPLOYMENT_TARGET = 10.3;
				MTL_ENABLE_DEBUG_INFO = NO;
				SDKROOT = iphoneos;
				SWIFT_OPTIMIZATION_LEVEL = "-Owholemodule";
				TARGETED_DEVICE_FAMILY = "1,2";
				VALIDATE_PRODUCT = YES;
			};
			name = Release;
		};
		EB2992B01F3640AB00B88C22 /* Debug */ = {
			isa = XCBuildConfiguration;
			buildSettings = {
				ASSETCATALOG_COMPILER_APPICON_NAME = AppIcon;
				DEVELOPMENT_TEAM = 59PUM5CV3T;
				FRAMEWORK_SEARCH_PATHS = (
					"$(inherited)",
					"$(PROJECT_DIR)/Carthage/Build/iOS",
				);
				INFOPLIST_FILE = "$(SRCROOT)/Tatoeba/Application/Info.plist";
				LD_RUNPATH_SEARCH_PATHS = "$(inherited) @executable_path/Frameworks";
				PRODUCT_BUNDLE_IDENTIFIER = org.tatoeba.Tatoeba;
				PRODUCT_NAME = "$(TARGET_NAME)";
				SWIFT_VERSION = 3.0;
			};
			name = Debug;
		};
		EB2992B11F3640AB00B88C22 /* Release */ = {
			isa = XCBuildConfiguration;
			buildSettings = {
				ASSETCATALOG_COMPILER_APPICON_NAME = AppIcon;
				DEVELOPMENT_TEAM = 59PUM5CV3T;
				FRAMEWORK_SEARCH_PATHS = (
					"$(inherited)",
					"$(PROJECT_DIR)/Carthage/Build/iOS",
				);
				INFOPLIST_FILE = "$(SRCROOT)/Tatoeba/Application/Info.plist";
				LD_RUNPATH_SEARCH_PATHS = "$(inherited) @executable_path/Frameworks";
				PRODUCT_BUNDLE_IDENTIFIER = org.tatoeba.Tatoeba;
				PRODUCT_NAME = "$(TARGET_NAME)";
				SWIFT_VERSION = 3.0;
			};
			name = Release;
		};
		EB2992B31F3640AB00B88C22 /* Debug */ = {
			isa = XCBuildConfiguration;
			buildSettings = {
				ALWAYS_EMBED_SWIFT_STANDARD_LIBRARIES = YES;
				BUNDLE_LOADER = "$(TEST_HOST)";
				INFOPLIST_FILE = TatoebaTests/Info.plist;
				LD_RUNPATH_SEARCH_PATHS = "$(inherited) @executable_path/Frameworks @loader_path/Frameworks";
				PRODUCT_BUNDLE_IDENTIFIER = org.tatoeba.TatoebaTests;
				PRODUCT_NAME = "$(TARGET_NAME)";
				SWIFT_VERSION = 3.0;
				TEST_HOST = "$(BUILT_PRODUCTS_DIR)/Tatoeba.app/Tatoeba";
			};
			name = Debug;
		};
		EB2992B41F3640AB00B88C22 /* Release */ = {
			isa = XCBuildConfiguration;
			buildSettings = {
				ALWAYS_EMBED_SWIFT_STANDARD_LIBRARIES = YES;
				BUNDLE_LOADER = "$(TEST_HOST)";
				INFOPLIST_FILE = TatoebaTests/Info.plist;
				LD_RUNPATH_SEARCH_PATHS = "$(inherited) @executable_path/Frameworks @loader_path/Frameworks";
				PRODUCT_BUNDLE_IDENTIFIER = org.tatoeba.TatoebaTests;
				PRODUCT_NAME = "$(TARGET_NAME)";
				SWIFT_VERSION = 3.0;
				TEST_HOST = "$(BUILT_PRODUCTS_DIR)/Tatoeba.app/Tatoeba";
			};
			name = Release;
		};
		EB2992B61F3640AB00B88C22 /* Debug */ = {
			isa = XCBuildConfiguration;
			buildSettings = {
				ALWAYS_EMBED_SWIFT_STANDARD_LIBRARIES = YES;
				INFOPLIST_FILE = TatoebaUITests/Info.plist;
				LD_RUNPATH_SEARCH_PATHS = "$(inherited) @executable_path/Frameworks @loader_path/Frameworks";
				PRODUCT_BUNDLE_IDENTIFIER = org.tatoeba.TatoebaUITests;
				PRODUCT_NAME = "$(TARGET_NAME)";
				SWIFT_VERSION = 3.0;
				TEST_TARGET_NAME = Tatoeba;
			};
			name = Debug;
		};
		EB2992B71F3640AB00B88C22 /* Release */ = {
			isa = XCBuildConfiguration;
			buildSettings = {
				ALWAYS_EMBED_SWIFT_STANDARD_LIBRARIES = YES;
				INFOPLIST_FILE = TatoebaUITests/Info.plist;
				LD_RUNPATH_SEARCH_PATHS = "$(inherited) @executable_path/Frameworks @loader_path/Frameworks";
				PRODUCT_BUNDLE_IDENTIFIER = org.tatoeba.TatoebaUITests;
				PRODUCT_NAME = "$(TARGET_NAME)";
				SWIFT_VERSION = 3.0;
				TEST_TARGET_NAME = Tatoeba;
			};
			name = Release;
		};
/* End XCBuildConfiguration section */

/* Begin XCConfigurationList section */
		EB2992821F3640AB00B88C22 /* Build configuration list for PBXProject "Tatoeba" */ = {
			isa = XCConfigurationList;
			buildConfigurations = (
				EB2992AD1F3640AB00B88C22 /* Debug */,
				EB2992AE1F3640AB00B88C22 /* Release */,
			);
			defaultConfigurationIsVisible = 0;
			defaultConfigurationName = Release;
		};
		EB2992AF1F3640AB00B88C22 /* Build configuration list for PBXNativeTarget "Tatoeba" */ = {
			isa = XCConfigurationList;
			buildConfigurations = (
				EB2992B01F3640AB00B88C22 /* Debug */,
				EB2992B11F3640AB00B88C22 /* Release */,
			);
			defaultConfigurationIsVisible = 0;
			defaultConfigurationName = Release;
		};
		EB2992B21F3640AB00B88C22 /* Build configuration list for PBXNativeTarget "TatoebaTests" */ = {
			isa = XCConfigurationList;
			buildConfigurations = (
				EB2992B31F3640AB00B88C22 /* Debug */,
				EB2992B41F3640AB00B88C22 /* Release */,
			);
			defaultConfigurationIsVisible = 0;
			defaultConfigurationName = Release;
		};
		EB2992B51F3640AB00B88C22 /* Build configuration list for PBXNativeTarget "TatoebaUITests" */ = {
			isa = XCConfigurationList;
			buildConfigurations = (
				EB2992B61F3640AB00B88C22 /* Debug */,
				EB2992B71F3640AB00B88C22 /* Release */,
			);
			defaultConfigurationIsVisible = 0;
			defaultConfigurationName = Release;
		};
/* End XCConfigurationList section */
	};
	rootObject = EB29927F1F3640AB00B88C22 /* Project object */;
}
